
Microsoft Visual Studio Solution File, Format Version 12.00
# Visual Studio Version 17
VisualStudioVersion = 17.0.31903.59
MinimumVisualStudioVersion = 10.0.40219.1
Project("{9A19103F-16F7-4668-BE54-9A1E7A4F7556}") = "AirLineManagement.domain", "AirLineManagement.domain\AirLineManagement.domain.csproj", "{28F03CFF-309A-4D12-AEFF-0C7579B89DB1}"
EndProject
Project("{9A19103F-16F7-4668-BE54-9A1E7A4F7556}") = "AirLineManagement.tests", "AirLineManagement.domain.tests\AirLineManagement.tests.csproj", "{3C09ABAB-7E47-43DA-8B57-83BBC2762E27}"
EndProject
Global
	GlobalSection(SolutionConfigurationPlatforms) = preSolution
		Debug|Any CPU = Debug|Any CPU
		Release|Any CPU = Release|Any CPU
	EndGlobalSection
	GlobalSection(ProjectConfigurationPlatforms) = postSolution
		{28F03CFF-309A-4D12-AEFF-0C7579B89DB1}.Debug|Any CPU.ActiveCfg = Debug|Any CPU
		{28F03CFF-309A-4D12-AEFF-0C7579B89DB1}.Debug|Any CPU.Build.0 = Debug|Any CPU
		{28F03CFF-309A-4D12-AEFF-0C7579B89DB1}.Release|Any CPU.ActiveCfg = Release|Any CPU
		{28F03CFF-309A-4D12-AEFF-0C7579B89DB1}.Release|Any CPU.Build.0 = Release|Any CPU
		{3C09ABAB-7E47-43DA-8B57-83BBC2762E27}.Debug|Any CPU.ActiveCfg = Debug|Any CPU
		{3C09ABAB-7E47-43DA-8B57-83BBC2762E27}.Debug|Any CPU.Build.0 = Debug|Any CPU
		{3C09ABAB-7E47-43DA-8B57-83BBC2762E27}.Release|Any CPU.ActiveCfg = Release|Any CPU
		{3C09ABAB-7E47-43DA-8B57-83BBC2762E27}.Release|Any CPU.Build.0 = Release|Any CPU
	EndGlobalSection
	GlobalSection(SolutionProperties) = preSolution
		HideSolutionNode = FALSE
	EndGlobalSection
	GlobalSection(ExtensibilityGlobals) = postSolution
		SolutionGuid = {196F5761-F126-44BA-BFDE-2D694DA3F741}
	EndGlobalSection
EndGlobal
